
Microsoft Visual Studio Solution File, Format Version 12.00
# Visual Studio Version 17
VisualStudioVersion = 17.2.32519.379
MinimumVisualStudioVersion = 10.0.40219.1
Project("{9A19103F-16F7-4668-BE54-9A1E7A4F7556}") = "ZakBlazorWeb_Server", "ZakBlazorWeb_Server\ZakBlazorWeb_Server.csproj", "{670A34E1-FC26-4D4D-AB25-87D3BCE77DBF}"
EndProject
Project("{9A19103F-16F7-4668-BE54-9A1E7A4F7556}") = "ZakBlazorWeb_Client", "ZakBlazorWeb_Client\ZakBlazorWeb_Client.csproj", "{3A5535E3-1EB2-477D-8E38-722057DFE11F}"
EndProject
Project("{9A19103F-16F7-4668-BE54-9A1E7A4F7556}") = "ZakBlazor_Models", "ZakBlazor_Models\ZakBlazor_Models.csproj", "{B2B89766-4E60-4BD9-B3B0-2BAB741279A9}"
EndProject
Project("{FAE04EC0-301F-11D3-BF4B-00C04F79EFBC}") = "ZakBlazor_Business", "ZakBlazor_Business\ZakBlazor_Business.csproj", "{EDFE98B8-10E8-4499-93ED-F1132858CC70}"
EndProject
Project("{FAE04EC0-301F-11D3-BF4B-00C04F79EFBC}") = "ZakBlazor_Common", "ZakBlazor_Common\ZakBlazor_Common.csproj", "{53FE97B7-0914-454E-870E-9B08D062DBA7}"
EndProject
Project("{FAE04EC0-301F-11D3-BF4B-00C04F79EFBC}") = "ZakBlazor_DataAccess", "ZakBlazor_DataAccess\ZakBlazor_DataAccess.csproj", "{5F1FAE70-F37B-4504-BF29-67CBB3178D8E}"
EndProject
Global
	GlobalSection(SolutionConfigurationPlatforms) = preSolution
		Debug|Any CPU = Debug|Any CPU
		Release|Any CPU = Release|Any CPU
	EndGlobalSection
	GlobalSection(ProjectConfigurationPlatforms) = postSolution
		{670A34E1-FC26-4D4D-AB25-87D3BCE77DBF}.Debug|Any CPU.ActiveCfg = Debug|Any CPU
		{670A34E1-FC26-4D4D-AB25-87D3BCE77DBF}.Debug|Any CPU.Build.0 = Debug|Any CPU
		{670A34E1-FC26-4D4D-AB25-87D3BCE77DBF}.Release|Any CPU.ActiveCfg = Release|Any CPU
		{670A34E1-FC26-4D4D-AB25-87D3BCE77DBF}.Release|Any CPU.Build.0 = Release|Any CPU
		{3A5535E3-1EB2-477D-8E38-722057DFE11F}.Debug|Any CPU.ActiveCfg = Debug|Any CPU
		{3A5535E3-1EB2-477D-8E38-722057DFE11F}.Debug|Any CPU.Build.0 = Debug|Any CPU
		{3A5535E3-1EB2-477D-8E38-722057DFE11F}.Release|Any CPU.ActiveCfg = Release|Any CPU
		{3A5535E3-1EB2-477D-8E38-722057DFE11F}.Release|Any CPU.Build.0 = Release|Any CPU
		{B2B89766-4E60-4BD9-B3B0-2BAB741279A9}.Debug|Any CPU.ActiveCfg = Debug|Any CPU
		{B2B89766-4E60-4BD9-B3B0-2BAB741279A9}.Debug|Any CPU.Build.0 = Debug|Any CPU
		{B2B89766-4E60-4BD9-B3B0-2BAB741279A9}.Release|Any CPU.ActiveCfg = Release|Any CPU
		{B2B89766-4E60-4BD9-B3B0-2BAB741279A9}.Release|Any CPU.Build.0 = Release|Any CPU
		{EDFE98B8-10E8-4499-93ED-F1132858CC70}.Debug|Any CPU.ActiveCfg = Debug|Any CPU
		{EDFE98B8-10E8-4499-93ED-F1132858CC70}.Debug|Any CPU.Build.0 = Debug|Any CPU
		{EDFE98B8-10E8-4499-93ED-F1132858CC70}.Release|Any CPU.ActiveCfg = Release|Any CPU
		{EDFE98B8-10E8-4499-93ED-F1132858CC70}.Release|Any CPU.Build.0 = Release|Any CPU
		{53FE97B7-0914-454E-870E-9B08D062DBA7}.Debug|Any CPU.ActiveCfg = Debug|Any CPU
		{53FE97B7-0914-454E-870E-9B08D062DBA7}.Debug|Any CPU.Build.0 = Debug|Any CPU
		{53FE97B7-0914-454E-870E-9B08D062DBA7}.Release|Any CPU.ActiveCfg = Release|Any CPU
		{53FE97B7-0914-454E-870E-9B08D062DBA7}.Release|Any CPU.Build.0 = Release|Any CPU
		{5F1FAE70-F37B-4504-BF29-67CBB3178D8E}.Debug|Any CPU.ActiveCfg = Debug|Any CPU
		{5F1FAE70-F37B-4504-BF29-67CBB3178D8E}.Debug|Any CPU.Build.0 = Debug|Any CPU
		{5F1FAE70-F37B-4504-BF29-67CBB3178D8E}.Release|Any CPU.ActiveCfg = Release|Any CPU
		{5F1FAE70-F37B-4504-BF29-67CBB3178D8E}.Release|Any CPU.Build.0 = Release|Any CPU
	EndGlobalSection
	GlobalSection(SolutionProperties) = preSolution
		HideSolutionNode = FALSE
	EndGlobalSection
	GlobalSection(ExtensibilityGlobals) = postSolution
		SolutionGuid = {DD84E164-38EF-4B19-A9B3-82F76F921B5F}
	EndGlobalSection
EndGlobal
